macbook-pro-109:~ abbywilson$ npx create-react-app my-app
Need to install the following packages:
  create-react-app
Ok to proceed? (y) y

Creating a new React app in /Users/abbywilson/my-app. 
Installing packages. This might take a couple of minutes.
Installing react, react-dom, and react-scripts with cra-template...

⸨           ░░░░░░░⸩ ⠹ reify:is-path-in-cwd: http fetch GET 200 https://registry.npmjs.org/is-path-in-⸨           ░░░░░░░⸩ ⠏ reify:array-flatten: http fetch GET 200 https://registry.npmjs.org/array-flat⸨            ░░░░░░⸩ ⠧ reify:portfinder: http fetch GET 200 https://registry.npmjs.org/portfind⸨            ░░░░░░⸩ ⠙ reify:del: http fetch GET 200 https://registry.npmjs.org/del/-/del-4.1.1⸨            ░░░░░░⸩ ⠧ reify:binary-extensions: http fetch GET 200 https://registry.npmjs.org⸨            ░░░░░░⸩ ⠼ reify:is-glob: http fetch GET 200 https://registry.npmjs.org/is-glob⸨            ░░░░░░⸩ ⠦ reify:md5.js: http fetch GET 200 https://registry.npmjs.org/md5.js⸨            ░░░░░░⸩ ⠇ reify:randomfill: http fetch GET 200 https://registry.npmjs.org/⸨            ░░░░░░⸩ ⠋ reify:ieee754: http fetch GET 200 https://registry.npmjs.org/i⸨            ░░░░░░⸩ ⠴ reify:tty-browserify: http fetch GET 200 https://registry.np⸨            ░░░░░░⸩ ⠼ reify:braces: http fetch GET 200 https://registry.npmjs.or⸨            ░░░░░░⸩ ⠙ reify:hash.js: timing reifyNode:node_modules/asn1.js Com⸨            ░░░░░░⸩ ⠹ reify:@webassemblyjs/wasm-opt: http fetch GET 200 http⸨             ░░░░░⸩ ⠹ reify:supports-h⸨             ░░░░░⸩ ⠼ reify:stable: http fetch GET ⸨             ░░░░░⸩ ⠋ reify:iconv-lite⸨             ░░░░░⸩ ⠹ reify:char-regex⸨             ░░░░░⸩ ⠦ reify:buffer-from: http fetch GET 200 https://registry.⸨            ⸨            
added 1938 packages, and audited 1938 packages in 2m

119 packages are looking for funding
  run `npm fund` for details

found 0 vulnerabilities

Initialized a git repository.

Installing template dependencies using npm...

added 31 packages, and audited 1969 packages in 9s

119 packages are looking for funding
  run `npm fund` for details

found 0 vulnerabilities
Removing template package using npm...


removed 1 package, and audited 1968 packages in 3s

119 packages are looking for funding
  run `npm fund` for details

found 0 vulnerabilities

Created git commit.

Success! Created my-app at /Users/abbywilson/my-app
Inside that directory, you can run several commands:

  npm start
    Starts the development server.

  npm run build
    Bundles the app into static files for production.

  npm test
    Starts the test runner.

  npm run eject
    Removes this tool and copies build dependencies, configuration files
    and scripts into the app directory. If you do this, you can’t go back!

We suggest that you begin by typing:

  cd my-app
  npm start

Happy hacking!
npm notice 
npm notice New patch version of npm available! 7.0.14 -> 7.0.15
npm notice Changelog: https://github.com/npm/cli/releases/tag/v7.0.15
npm notice Run npm install -g npm@7.0.15 to update!
npm notice 
macbook-pro-109:~ abbywilson$ npm start
npm ERR! code ENOENT
npm ERR! syscall open
npm ERR! path /Users/abbywilson/package.json
npm ERR! errno -2
npm ERR! enoent ENOENT: no such file or directory, open '/Users/abbywilson/package.json'
npm ERR! enoent This is related to npm not being able to find a file.
npm ERR! enoent 

npm ERR! A complete log of this run can be found in:
npm ERR!     /Users/abbywilson/.npm/_logs/2020-12-03T22_30_13_121Z-debug.log
macbook-pro-109:~ abbywilson$ 
